
Microsoft Visual Studio Solution File, Format Version 12.00
# Visual Studio Version 17
VisualStudioVersion = 17.2.32616.157
MinimumVisualStudioVersion = 10.0.40219.1
Project("{FAE04EC0-301F-11D3-BF4B-00C04F79EFBC}") = "ContactApi_v2", "ContactApi_v2\ContactApi_v2.csproj", "{8CB89249-075F-47C0-AD2B-129926A88C41}"
EndProject
Global
	GlobalSection(SolutionConfigurationPlatforms) = preSolution
		Debug|Any CPU = Debug|Any CPU
		Release|Any CPU = Release|Any CPU
	EndGlobalSection
	GlobalSection(ProjectConfigurationPlatforms) = postSolution
		{8CB89249-075F-47C0-AD2B-129926A88C41}.Debug|Any CPU.ActiveCfg = Debug|Any CPU
		{8CB89249-075F-47C0-AD2B-129926A88C41}.Debug|Any CPU.Build.0 = Debug|Any CPU
		{8CB89249-075F-47C0-AD2B-129926A88C41}.Release|Any CPU.ActiveCfg = Release|Any CPU
		{8CB89249-075F-47C0-AD2B-129926A88C41}.Release|Any CPU.Build.0 = Release|Any CPU
	EndGlobalSection
	GlobalSection(SolutionProperties) = preSolution
		HideSolutionNode = FALSE
	EndGlobalSection
	GlobalSection(ExtensibilityGlobals) = postSolution
		SolutionGuid = {39C9296C-F1FF-4FB0-87FB-17BDE1FE11E1}
	EndGlobalSection
EndGlobal
